// !$*UTF8*$!
{
	archiveVersion = 1;
	classes = {
	};
	objectVersion = 50;
	objects = {

/* Begin PBXBuildFile section */
		531F08D3246BF9A8001B9A03 /* AppDelegate.swift in Sources */ = {isa = PBXBuildFile; fileRef = 531F08D2246BF9A8001B9A03 /* AppDelegate.swift */; };
		531F08D5246BF9A8001B9A03 /* ViewController.swift in Sources */ = {isa = PBXBuildFile; fileRef = 531F08D4246BF9A8001B9A03 /* ViewController.swift */; };
		531F08D8246BF9A8001B9A03 /* Main.storyboard in Resources */ = {isa = PBXBuildFile; fileRef = 531F08D6246BF9A8001B9A03 /* Main.storyboard */; };
		531F08DA246BF9AA001B9A03 /* Assets.xcassets in Resources */ = {isa = PBXBuildFile; fileRef = 531F08D9246BF9AA001B9A03 /* Assets.xcassets */; };
		531F08DD246BF9AA001B9A03 /* LaunchScreen.storyboard in Resources */ = {isa = PBXBuildFile; fileRef = 531F08DB246BF9AA001B9A03 /* LaunchScreen.storyboard */; };
		531F08E8246BF9AA001B9A03 /* Video_PlayerTests.swift in Sources */ = {isa = PBXBuildFile; fileRef = 531F08E7246BF9AA001B9A03 /* Video_PlayerTests.swift */; };
		531F08F3246BF9AA001B9A03 /* Video_PlayerUITests.swift in Sources */ = {isa = PBXBuildFile; fileRef = 531F08F2246BF9AA001B9A03 /* Video_PlayerUITests.swift */; };
		533F5736246C359C00EB80C0 /* video1.mp4 in Resources */ = {isa = PBXBuildFile; fileRef = 533F5735246C358400EB80C0 /* video1.mp4 */; };
		533F5737246C359C00EB80C0 /* video2.mp4 in Resources */ = {isa = PBXBuildFile; fileRef = 533F5733246C358200EB80C0 /* video2.mp4 */; };
		533F5738246C359C00EB80C0 /* video3.mp4 in Resources */ = {isa = PBXBuildFile; fileRef = 533F5734246C358400EB80C0 /* video3.mp4 */; };
		53A49E79246C294300AC9C27 /* next5.png in Resources */ = {isa = PBXBuildFile; fileRef = 53A49E74246C294200AC9C27 /* next5.png */; };
		53A49E7A246C294300AC9C27 /* loop.png in Resources */ = {isa = PBXBuildFile; fileRef = 53A49E75246C294200AC9C27 /* loop.png */; };
		53A49E7B246C294300AC9C27 /* back5.png in Resources */ = {isa = PBXBuildFile; fileRef = 53A49E76246C294200AC9C27 /* back5.png */; };
		53A49E7C246C294300AC9C27 /* pause.png in Resources */ = {isa = PBXBuildFile; fileRef = 53A49E77246C294300AC9C27 /* pause.png */; };
		53A49E7D246C294300AC9C27 /* play.png in Resources */ = {isa = PBXBuildFile; fileRef = 53A49E78246C294300AC9C27 /* play.png */; };
		53A49E7F246C2AB500AC9C27 /* next.png in Resources */ = {isa = PBXBuildFile; fileRef = 53A49E7E246C2AB500AC9C27 /* next.png */; };
		53A49E81246C2AD700AC9C27 /* previous.png in Resources */ = {isa = PBXBuildFile; fileRef = 53A49E80246C2AD600AC9C27 /* previous.png */; };
		53A49E83246C2EC300AC9C27 /* continue.png in Resources */ = {isa = PBXBuildFile; fileRef = 53A49E82246C2EC300AC9C27 /* continue.png */; };
		53A49E85246C2EE300AC9C27 /* continue.png in Resources */ = {isa = PBXBuildFile; fileRef = 53A49E84246C2EE300AC9C27 /* continue.png */; };
/* End PBXBuildFile section */

/* Begin PBXContainerItemProxy section */
		531F08E4246BF9AA001B9A03 /* PBXContainerItemProxy */ = {
			isa = PBXContainerItemProxy;
			containerPortal = 531F08C7246BF9A8001B9A03 /* Project object */;
			proxyType = 1;
			remoteGlobalIDString = 531F08CE246BF9A8001B9A03;
			remoteInfo = Video_Player;
		};
		531F08EF246BF9AA001B9A03 /* PBXContainerItemProxy */ = {
			isa = PBXContainerItemProxy;
			containerPortal = 531F08C7246BF9A8001B9A03 /* Project object */;
			proxyType = 1;
			remoteGlobalIDString = 531F08CE246BF9A8001B9A03;
			remoteInfo = Video_Player;
		};
/* End PBXContainerItemProxy section */

/* Begin PBXFileReference section */
		531F08CF246BF9A8001B9A03 /* Video_Player.app */ = {isa = PBXFileReference; explicitFileType = wrapper.application; includeInIndex = 0; path = Video_Player.app; sourceTree = BUILT_PRODUCTS_DIR; };
		531F08D2246BF9A8001B9A03 /* AppDelegate.swift */ = {isa = PBXFileReference; lastKnownFileType = sourcecode.swift; path = AppDelegate.swift; sourceTree = "<group>"; };
		531F08D4246BF9A8001B9A03 /* ViewController.swift */ = {isa = PBXFileReference; lastKnownFileType = sourcecode.swift; path = ViewController.swift; sourceTree = "<group>"; };
		531F08D7246BF9A8001B9A03 /* Base */ = {isa = PBXFileReference; lastKnownFileType = file.storyboard; name = Base; path = Base.lproj/Main.storyboard; sourceTree = "<group>"; };
		531F08D9246BF9AA001B9A03 /* Assets.xcassets */ = {isa = PBXFileReference; lastKnownFileType = folder.assetcatalog; path = Assets.xcassets; sourceTree = "<group>"; };
		531F08DC246BF9AA001B9A03 /* Base */ = {isa = PBXFileReference; lastKnownFileType = file.storyboard; name = Base; path = Base.lproj/LaunchScreen.storyboard; sourceTree = "<group>"; };
		531F08DE246BF9AA001B9A03 /* Info.plist */ = {isa = PBXFileReference; lastKnownFileType = text.plist.xml; path = Info.plist; sourceTree = "<group>"; };
		531F08E3246BF9AA001B9A03 /* Video_PlayerTests.xctest */ = {isa = PBXFileReference; explicitFileType = wrapper.cfbundle; includeInIndex = 0; path = Video_PlayerTests.xctest; sourceTree = BUILT_PRODUCTS_DIR; };
		531F08E7246BF9AA001B9A03 /* Video_PlayerTests.swift */ = {isa = PBXFileReference; lastKnownFileType = sourcecode.swift; path = Video_PlayerTests.swift; sourceTree = "<group>"; };
		531F08E9246BF9AA001B9A03 /* Info.plist */ = {isa = PBXFileReference; lastKnownFileType = text.plist.xml; path = Info.plist; sourceTree = "<group>"; };
		531F08EE246BF9AA001B9A03 /* Video_PlayerUITests.xctest */ = {isa = PBXFileReference; explicitFileType = wrapper.cfbundle; includeInIndex = 0; path = Video_PlayerUITests.xctest; sourceTree = BUILT_PRODUCTS_DIR; };
		531F08F2246BF9AA001B9A03 /* Video_PlayerUITests.swift */ = {isa = PBXFileReference; lastKnownFileType = sourcecode.swift; path = Video_PlayerUITests.swift; sourceTree = "<group>"; };
		531F08F4246BF9AA001B9A03 /* Info.plist */ = {isa = PBXFileReference; lastKnownFileType = text.plist.xml; path = Info.plist; sourceTree = "<group>"; };
		533F5733246C358200EB80C0 /* video2.mp4 */ = {isa = PBXFileReference; lastKnownFileType = file; path = video2.mp4; sourceTree = "<group>"; };
		533F5734246C358400EB80C0 /* video3.mp4 */ = {isa = PBXFileReference; lastKnownFileType = file; path = video3.mp4; sourceTree = "<group>"; };
		533F5735246C358400EB80C0 /* video1.mp4 */ = {isa = PBXFileReference; lastKnownFileType = file; path = video1.mp4; sourceTree = "<group>"; };
		53A49E74246C294200AC9C27 /* next5.png */ = {isa = PBXFileReference; lastKnownFileType = image.png; path = next5.png; sourceTree = SOURCE_ROOT; };
		53A49E75246C294200AC9C27 /* loop.png */ = {isa = PBXFileReference; lastKnownFileType = image.png; path = loop.png; sourceTree = SOURCE_ROOT; };
		53A49E76246C294200AC9C27 /* back5.png */ = {isa = PBXFileReference; lastKnownFileType = image.png; path = back5.png; sourceTree = SOURCE_ROOT; };
		53A49E77246C294300AC9C27 /* pause.png */ = {isa = PBXFileReference; lastKnownFileType = image.png; path = pause.png; sourceTree = SOURCE_ROOT; };
		53A49E78246C294300AC9C27 /* play.png */ = {isa = PBXFileReference; lastKnownFileType = image.png; path = play.png; sourceTree = SOURCE_ROOT; };
		53A49E7E246C2AB500AC9C27 /* next.png */ = {isa = PBXFileReference; lastKnownFileType = image.png; path = next.png; sourceTree = SOURCE_ROOT; };
		53A49E80246C2AD600AC9C27 /* previous.png */ = {isa = PBXFileReference; lastKnownFileType = image.png; path = previous.png; sourceTree = SOURCE_ROOT; };
		53A49E82246C2EC300AC9C27 /* continue.png */ = {isa = PBXFileReference; lastKnownFileType = image.png; path = continue.png; sourceTree = SOURCE_ROOT; };
		53A49E84246C2EE300AC9C27 /* continue.png */ = {isa = PBXFileReference; lastKnownFileType = image.png; path = continue.png; sourceTree = SOURCE_ROOT; };
/* End PBXFileReference section */

/* Begin PBXFrameworksBuildPhase section */
		531F08CC246BF9A8001B9A03 /* Frameworks */ = {
			isa = PBXFrameworksBuildPhase;
			buildActionMask = 2147483647;
			files = (
			);
			runOnlyForDeploymentPostprocessing = 0;
		};
		531F08E0246BF9AA001B9A03 /* Frameworks */ = {
			isa = PBXFrameworksBuildPhase;
			buildActionMask = 2147483647;
			files = (
			);
			runOnlyForDeploymentPostprocessing = 0;
		};
		531F08EB246BF9AA001B9A03 /* Frameworks */ = {
			isa = PBXFrameworksBuildPhase;
			buildActionMask = 2147483647;
			files = (
			);
			runOnlyForDeploymentPostprocessing = 0;
		};
/* End PBXFrameworksBuildPhase section */

/* Begin PBXGroup section */
		531F08C6246BF9A8001B9A03 = {
			isa = PBXGroup;
			children = (
				531F08D1246BF9A8001B9A03 /* Video_Player */,
				531F08E6246BF9AA001B9A03 /* Video_PlayerTests */,
				531F08F1246BF9AA001B9A03 /* Video_PlayerUITests */,
				531F08D0246BF9A8001B9A03 /* Products */,
			);
			sourceTree = "<group>";
		};
		531F08D0246BF9A8001B9A03 /* Products */ = {
			isa = PBXGroup;
			children = (
				531F08CF246BF9A8001B9A03 /* Video_Player.app */,
				531F08E3246BF9AA001B9A03 /* Video_PlayerTests.xctest */,
				531F08EE246BF9AA001B9A03 /* Video_PlayerUITests.xctest */,
			);
			name = Products;
			sourceTree = "<group>";
		};
		531F08D1246BF9A8001B9A03 /* Video_Player */ = {
			isa = PBXGroup;
			children = (
				531F08D2246BF9A8001B9A03 /* AppDelegate.swift */,
				531F08D4246BF9A8001B9A03 /* ViewController.swift */,
				531F08D6246BF9A8001B9A03 /* Main.storyboard */,
				531F08D9246BF9AA001B9A03 /* Assets.xcassets */,
				53A49E76246C294200AC9C27 /* back5.png */,
				53A49E75246C294200AC9C27 /* loop.png */,
				53A49E84246C2EE300AC9C27 /* continue.png */,
				53A49E74246C294200AC9C27 /* next5.png */,
				53A49E82246C2EC300AC9C27 /* continue.png */,
				533F5735246C358400EB80C0 /* video1.mp4 */,
				533F5733246C358200EB80C0 /* video2.mp4 */,
				533F5734246C358400EB80C0 /* video3.mp4 */,
				53A49E80246C2AD600AC9C27 /* previous.png */,
				53A49E77246C294300AC9C27 /* pause.png */,
				53A49E7E246C2AB500AC9C27 /* next.png */,
				53A49E78246C294300AC9C27 /* play.png */,
				531F08DB246BF9AA001B9A03 /* LaunchScreen.storyboard */,
				531F08DE246BF9AA001B9A03 /* Info.plist */,
			);
			path = Video_Player;
			sourceTree = "<group>";
		};
		531F08E6246BF9AA001B9A03 /* Video_PlayerTests */ = {
			isa = PBXGroup;
			children = (
				531F08E7246BF9AA001B9A03 /* Video_PlayerTests.swift */,
				531F08E9246BF9AA001B9A03 /* Info.plist */,
			);
			path = Video_PlayerTests;
			sourceTree = "<group>";
		};
		531F08F1246BF9AA001B9A03 /* Video_PlayerUITests */ = {
			isa = PBXGroup;
			children = (
				531F08F2246BF9AA001B9A03 /* Video_PlayerUITests.swift */,
				531F08F4246BF9AA001B9A03 /* Info.plist */,
			);
			path = Video_PlayerUITests;
			sourceTree = "<group>";
		};
/* End PBXGroup section */

/* Begin PBXNativeTarget section */
		531F08CE246BF9A8001B9A03 /* Video_Player */ = {
			isa = PBXNativeTarget;
			buildConfigurationList = 531F08F7246BF9AA001B9A03 /* Build configuration list for PBXNativeTarget "Video_Player" */;
			buildPhases = (
				531F08CB246BF9A8001B9A03 /* Sources */,
				531F08CC246BF9A8001B9A03 /* Frameworks */,
				531F08CD246BF9A8001B9A03 /* Resources */,
			);
			buildRules = (
			);
			dependencies = (
			);
			name = Video_Player;
			productName = Video_Player;
			productReference = 531F08CF246BF9A8001B9A03 /* Video_Player.app */;
			productType = "com.apple.product-type.application";
		};
		531F08E2246BF9AA001B9A03 /* Video_PlayerTests */ = {
			isa = PBXNativeTarget;
			buildConfigurationList = 531F08FA246BF9AA001B9A03 /* Build configuration list for PBXNativeTarget "Video_PlayerTests" */;
			buildPhases = (
				531F08DF246BF9AA001B9A03 /* Sources */,
				531F08E0246BF9AA001B9A03 /* Frameworks */,
				531F08E1246BF9AA001B9A03 /* Resources */,
			);
			buildRules = (
			);
			dependencies = (
				531F08E5246BF9AA001B9A03 /* PBXTargetDependency */,
			);
			name = Video_PlayerTests;
			productName = Video_PlayerTests;
			productReference = 531F08E3246BF9AA001B9A03 /* Video_PlayerTests.xctest */;
			productType = "com.apple.product-type.bundle.unit-test";
		};
		531F08ED246BF9AA001B9A03 /* Video_PlayerUITests */ = {
			isa = PBXNativeTarget;
			buildConfigurationList = 531F08FD246BF9AA001B9A03 /* Build configuration list for PBXNativeTarget "Video_PlayerUITests" */;
			buildPhases = (
				531F08EA246BF9AA001B9A03 /* Sources */,
				531F08EB246BF9AA001B9A03 /* Frameworks */,
				531F08EC246BF9AA001B9A03 /* Resources */,
			);
			buildRules = (
			);
			dependencies = (
				531F08F0246BF9AA001B9A03 /* PBXTargetDependency */,
			);
			name = Video_PlayerUITests;
			productName = Video_PlayerUITests;
			productReference = 531F08EE246BF9AA001B9A03 /* Video_PlayerUITests.xctest */;
			productType = "com.apple.product-type.bundle.ui-testing";
		};
/* End PBXNativeTarget section */

/* Begin PBXProject section */
		531F08C7246BF9A8001B9A03 /* Project object */ = {
			isa = PBXProject;
			attributes = {
				LastSwiftUpdateCheck = 1030;
				LastUpgradeCheck = 1030;
				ORGANIZATIONNAME = "Tony Li";
				TargetAttributes = {
					531F08CE246BF9A8001B9A03 = {
						CreatedOnToolsVersion = 10.3;
					};
					531F08E2246BF9AA001B9A03 = {
						CreatedOnToolsVersion = 10.3;
						TestTargetID = 531F08CE246BF9A8001B9A03;
					};
					531F08ED246BF9AA001B9A03 = {
						CreatedOnToolsVersion = 10.3;
						TestTargetID = 531F08CE246BF9A8001B9A03;
					};
				};
			};
			buildConfigurationList = 531F08CA246BF9A8001B9A03 /* Build configuration list for PBXProject "Video_Player" */;
			compatibilityVersion = "Xcode 9.3";
			developmentRegion = en;
			hasScannedForEncodings = 0;
			knownRegions = (
				en,
				Base,
			);
			mainGroup = 531F08C6246BF9A8001B9A03;
			productRefGroup = 531F08D0246BF9A8001B9A03 /* Products */;
			projectDirPath = "";
			projectRoot = "";
			targets = (
				531F08CE246BF9A8001B9A03 /* Video_Player */,
				531F08E2246BF9AA001B9A03 /* Video_PlayerTests */,
				531F08ED246BF9AA001B9A03 /* Video_PlayerUITests */,
			);
		};
/* End PBXProject section */

/* Begin PBXResourcesBuildPhase section */
		531F08CD246BF9A8001B9A03 /* Resources */ = {
			isa = PBXResourcesBuildPhase;
			buildActionMask = 2147483647;
			files = (
				533F5736246C359C00EB80C0 /* video1.mp4 in Resources */,
				533F5737246C359C00EB80C0 /* video2.mp4 in Resources */,
				533F5738246C359C00EB80C0 /* video3.mp4 in Resources */,
				53A49E7B246C294300AC9C27 /* back5.png in Resources */,
				53A49E83246C2EC300AC9C27 /* continue.png in Resources */,
				53A49E7D246C294300AC9C27 /* play.png in Resources */,
				53A49E81246C2AD700AC9C27 /* previous.png in Resources */,
				53A49E85246C2EE300AC9C27 /* continue.png in Resources */,
				53A49E7F246C2AB500AC9C27 /* next.png in Resources */,
				53A49E79246C294300AC9C27 /* next5.png in Resources */,
				53A49E7A246C294300AC9C27 /* loop.png in Resources */,
				53A49E7C246C294300AC9C27 /* pause.png in Resources */,
				531F08DD246BF9AA001B9A03 /* LaunchScreen.storyboard in Resources */,
				531F08DA246BF9AA001B9A03 /* Assets.xcassets in Resources */,
				531F08D8246BF9A8001B9A03 /* Main.storyboard in Resources */,
			);
			runOnlyForDeploymentPostprocessing = 0;
		};
		531F08E1246BF9AA001B9A03 /* Resources */ = {
			isa = PBXResourcesBuildPhase;
			buildActionMask = 2147483647;
			files = (
			);
			runOnlyForDeploymentPostprocessing = 0;
		};
		531F08EC246BF9AA001B9A03 /* Resources */ = {
			isa = PBXResourcesBuildPhase;
			buildActionMask = 2147483647;
			files = (
			);
			runOnlyForDeploymentPostprocessing = 0;
		};
/* End PBXResourcesBuildPhase section */

/* Begin PBXSourcesBuildPhase section */
		531F08CB246BF9A8001B9A03 /* Sources */ = {
			isa = PBXSourcesBuildPhase;
			buildActionMask = 2147483647;
			files = (
				531F08D5246BF9A8001B9A03 /* ViewController.swift in Sources */,
				531F08D3246BF9A8001B9A03 /* AppDelegate.swift in Sources */,
			);
			runOnlyForDeploymentPostprocessing = 0;
		};
		531F08DF246BF9AA001B9A03 /* Sources */ = {
			isa = PBXSourcesBuildPhase;
			buildActionMask = 2147483647;
			files = (
				531F08E8246BF9AA001B9A03 /* Video_PlayerTests.swift in Sources */,
			);
			runOnlyForDeploymentPostprocessing = 0;
		};
		531F08EA246BF9AA001B9A03 /* Sources */ = {
			isa = PBXSourcesBuildPhase;
			buildActionMask = 2147483647;
			files = (
				531F08F3246BF9AA001B9A03 /* Video_PlayerUITests.swift in Sources */,
			);
			runOnlyForDeploymentPostprocessing = 0;
		};
/* End PBXSourcesBuildPhase section */

/* Begin PBXTargetDependency section */
		531F08E5246BF9AA001B9A03 /* PBXTargetDependency */ = {
			isa = PBXTargetDependency;
			target = 531F08CE246BF9A8001B9A03 /* Video_Player */;
			targetProxy = 531F08E4246BF9AA001B9A03 /* PBXContainerItemProxy */;
		};
		531F08F0246BF9AA001B9A03 /* PBXTargetDependency */ = {
			isa = PBXTargetDependency;
			target = 531F08CE246BF9A8001B9A03 /* Video_Player */;
			targetProxy = 531F08EF246BF9AA001B9A03 /* PBXContainerItemProxy */;
		};
/* End PBXTargetDependency section */

/* Begin PBXVariantGroup section */
		531F08D6246BF9A8001B9A03 /* Main.storyboard */ = {
			isa = PBXVariantGroup;
			children = (
				531F08D7246BF9A8001B9A03 /* Base */,
			);
			name = Main.storyboard;
			sourceTree = "<group>";
		};
		531F08DB246BF9AA001B9A03 /* LaunchScreen.storyboard */ = {
			isa = PBXVariantGroup;
			children = (
				531F08DC246BF9AA001B9A03 /* Base */,
			);
			name = LaunchScreen.storyboard;
			sourceTree = "<group>";
		};
/* End PBXVariantGroup section */

/* Begin XCBuildConfiguration section */
		531F08F5246BF9AA001B9A03 /* Debug */ = {
			isa = XCBuildConfiguration;
			buildSettings = {
				ALWAYS_SEARCH_USER_PATHS = NO;
				CLANG_ANALYZER_NONNULL = YES;
				CLANG_ANALYZER_NUMBER_OBJECT_CONVERSION = YES_AGGRESSIVE;
				CLANG_CXX_LANGUAGE_STANDARD = "gnu++14";
				CLANG_CXX_LIBRARY = "libc++";
				CLANG_ENABLE_MODULES = YES;
				CLANG_ENABLE_OBJC_ARC = YES;
				CLANG_ENABLE_OBJC_WEAK = YES;
				CLANG_WARN_BLOCK_CAPTURE_AUTORELEASING = YES;
				CLANG_WARN_BOOL_CONVERSION = YES;
				CLANG_WARN_COMMA = YES;
				CLANG_WARN_CONSTANT_CONVERSION = YES;
				CLANG_WARN_DEPRECATED_OBJC_IMPLEMENTATIONS = YES;
				CLANG_WARN_DIRECT_OBJC_ISA_USAGE = YES_ERROR;
				CLANG_WARN_DOCUMENTATION_COMMENTS = YES;
				CLANG_WARN_EMPTY_BODY = YES;
				CLANG_WARN_ENUM_CONVERSION = YES;
				CLANG_WARN_INFINITE_RECURSION = YES;
				CLANG_WARN_INT_CONVERSION = YES;
				CLANG_WARN_NON_LITERAL_NULL_CONVERSION = YES;
				CLANG_WARN_OBJC_IMPLICIT_RETAIN_SELF = YES;
				CLANG_WARN_OBJC_LITERAL_CONVERSION = YES;
				CLANG_WARN_OBJC_ROOT_CLASS = YES_ERROR;
				CLANG_WARN_RANGE_LOOP_ANALYSIS = YES;
				CLANG_WARN_STRICT_PROTOTYPES = YES;
				CLANG_WARN_SUSPICIOUS_MOVE = YES;
				CLANG_WARN_UNGUARDED_AVAILABILITY = YES_AGGRESSIVE;
				CLANG_WARN_UNREACHABLE_CODE = YES;
				CLANG_WARN__DUPLICATE_METHOD_MATCH = YES;
				CODE_SIGN_IDENTITY = "iPhone Developer";
				COPY_PHASE_STRIP = NO;
				DEBUG_INFORMATION_FORMAT = dwarf;
				ENABLE_STRICT_OBJC_MSGSEND = YES;
				ENABLE_TESTABILITY = YES;
				GCC_C_LANGUAGE_STANDARD = gnu11;
				GCC_DYNAMIC_NO_PIC = NO;
				GCC_NO_COMMON_BLOCKS = YES;
				GCC_OPTIMIZATION_LEVEL = 0;
				GCC_PREPROCESSOR_DEFINITIONS = (
					"DEBUG=1",
					"$(inherited)",
				);
				GCC_WARN_64_TO_32_BIT_CONVERSION = YES;
				GCC_WARN_ABOUT_RETURN_TYPE = YES_ERROR;
				GCC_WARN_UNDECLARED_SELECTOR = YES;
				GCC_WARN_UNINITIALIZED_AUTOS = YES_AGGRESSIVE;
				GCC_WARN_UNUSED_FUNCTION = YES;
				GCC_WARN_UNUSED_VARIABLE = YES;
				IPHONEOS_DEPLOYMENT_TARGET = 12.4;
				MTL_ENABLE_DEBUG_INFO = INCLUDE_SOURCE;
				MTL_FAST_MATH = YES;
				ONLY_ACTIVE_ARCH = YES;
				SDKROOT = iphoneos;
				SWIFT_ACTIVE_COMPILATION_CONDITIONS = DEBUG;
				SWIFT_OPTIMIZATION_LEVEL = "-Onone";
			};
			name = Debug;
		};
		531F08F6246BF9AA001B9A03 /* Release */ = {
			isa = XCBuildConfiguration;
			buildSettings = {
				ALWAYS_SEARCH_USER_PATHS = NO;
				CLANG_ANALYZER_NONNULL = YES;
				CLANG_ANALYZER_NUMBER_OBJECT_CONVERSION = YES_AGGRESSIVE;
				CLANG_CXX_LANGUAGE_STANDARD = "gnu++14";
				CLANG_CXX_LIBRARY = "libc++";
				CLANG_ENABLE_MODULES = YES;
				CLANG_ENABLE_OBJC_ARC = YES;
				CLANG_ENABLE_OBJC_WEAK = YES;
				CLANG_WARN_BLOCK_CAPTURE_AUTORELEASING = YES;
				CLANG_WARN_BOOL_CONVERSION = YES;
				CLANG_WARN_COMMA = YES;
				CLANG_WARN_CONSTANT_CONVERSION = YES;
				CLANG_WARN_DEPRECATED_OBJC_IMPLEMENTATIONS = YES;
				CLANG_WARN_DIRECT_OBJC_ISA_USAGE = YES_ERROR;
				CLANG_WARN_DOCUMENTATION_COMMENTS = YES;
				CLANG_WARN_EMPTY_BODY = YES;
				CLANG_WARN_ENUM_CONVERSION = YES;
				CLANG_WARN_INFINITE_RECURSION = YES;
				CLANG_WARN_INT_CONVERSION = YES;
				CLANG_WARN_NON_LITERAL_NULL_CONVERSION = YES;
				CLANG_WARN_OBJC_IMPLICIT_RETAIN_SELF = YES;
				CLANG_WARN_OBJC_LITERAL_CONVERSION = YES;
				CLANG_WARN_OBJC_ROOT_CLASS = YES_ERROR;
				CLANG_WARN_RANGE_LOOP_ANALYSIS = YES;
				CLANG_WARN_STRICT_PROTOTYPES = YES;
				CLANG_WARN_SUSPICIOUS_MOVE = YES;
				CLANG_WARN_UNGUARDED_AVAILABILITY = YES_AGGRESSIVE;
				CLANG_WARN_UNREACHABLE_CODE = YES;
				CLANG_WARN__DUPLICATE_METHOD_MATCH = YES;
				CODE_SIGN_IDENTITY = "iPhone Developer";
				COPY_PHASE_STRIP = NO;
				DEBUG_INFORMATION_FORMAT = "dwarf-with-dsym";
				ENABLE_NS_ASSERTIONS = NO;
				ENABLE_STRICT_OBJC_MSGSEND = YES;
				GCC_C_LANGUAGE_STANDARD = gnu11;
				GCC_NO_COMMON_BLOCKS = YES;
				GCC_WARN_64_TO_32_BIT_CONVERSION = YES;
				GCC_WARN_ABOUT_RETURN_TYPE = YES_ERROR;
				GCC_WARN_UNDECLARED_SELECTOR = YES;
				GCC_WARN_UNINITIALIZED_AUTOS = YES_AGGRESSIVE;
				GCC_WARN_UNUSED_FUNCTION = YES;
				GCC_WARN_UNUSED_VARIABLE = YES;
				IPHONEOS_DEPLOYMENT_TARGET = 12.4;
				MTL_ENABLE_DEBUG_INFO = NO;
				MTL_FAST_MATH = YES;
				SDKROOT = iphoneos;
				SWIFT_COMPILATION_MODE = wholemodule;
				SWIFT_OPTIMIZATION_LEVEL = "-O";
				VALIDATE_PRODUCT = YES;
			};
			name = Release;
		};
		531F08F8246BF9AA001B9A03 /* Debug */ = {
			isa = XCBuildConfiguration;
			buildSettings = {
				ASSETCATALOG_COMPILER_APPICON_NAME = AppIcon;
				CODE_SIGN_STYLE = Automatic;
				INFOPLIST_FILE = Video_Player/Info.plist;
				LD_RUNPATH_SEARCH_PATHS = (
					"$(inherited)",
					"@executable_path/Frameworks",
				);
				PRODUCT_BUNDLE_IDENTIFIER = "NTUST.Video-Player";
				PRODUCT_NAME = "$(TARGET_NAME)";
				SWIFT_VERSION = 5.0;
				TARGETED_DEVICE_FAMILY = "1,2";
			};
			name = Debug;
		};
		531F08F9246BF9AA001B9A03 /* Release */ = {
			isa = XCBuildConfiguration;
			buildSettings = {
				ASSETCATALOG_COMPILER_APPICON_NAME = AppIcon;
				CODE_SIGN_STYLE = Automatic;
				INFOPLIST_FILE = Video_Player/Info.plist;
				LD_RUNPATH_SEARCH_PATHS = (
					"$(inherited)",
					"@executable_path/Frameworks",
				);
				PRODUCT_BUNDLE_IDENTIFIER = "NTUST.Video-Player";
				PRODUCT_NAME = "$(TARGET_NAME)";
				SWIFT_VERSION = 5.0;
				TARGETED_DEVICE_FAMILY = "1,2";
			};
			name = Release;
		};
		531F08FB246BF9AA001B9A03 /* Debug */ = {
			isa = XCBuildConfiguration;
			buildSettings = {
				ALWAYS_EMBED_SWIFT_STANDARD_LIBRARIES = YES;
				BUNDLE_LOADER = "$(TEST_HOST)";
				CODE_SIGN_STYLE = Automatic;
				INFOPLIST_FILE = Video_PlayerTests/Info.plist;
				LD_RUNPATH_SEARCH_PATHS = (
					"$(inherited)",
					"@executable_path/Frameworks",
					"@loader_path/Frameworks",
				);
				PRODUCT_BUNDLE_IDENTIFIER = "NTUST.Video-PlayerTests";
				PRODUCT_NAME = "$(TARGET_NAME)";
				SWIFT_VERSION = 5.0;
				TARGETED_DEVICE_FAMILY = "1,2";
				TEST_HOST = "$(BUILT_PRODUCTS_DIR)/Video_Player.app/Video_Player";
			};
			name = Debug;
		};
		531F08FC246BF9AA001B9A03 /* Release */ = {
			isa = XCBuildConfiguration;
			buildSettings = {
				ALWAYS_EMBED_SWIFT_STANDARD_LIBRARIES = YES;
				BUNDLE_LOADER = "$(TEST_HOST)";
				CODE_SIGN_STYLE = Automatic;
				INFOPLIST_FILE = Video_PlayerTests/Info.plist;
				LD_RUNPATH_SEARCH_PATHS = (
					"$(inherited)",
					"@executable_path/Frameworks",
					"@loader_path/Frameworks",
				);
				PRODUCT_BUNDLE_IDENTIFIER = "NTUST.Video-PlayerTests";
				PRODUCT_NAME = "$(TARGET_NAME)";
				SWIFT_VERSION = 5.0;
				TARGETED_DEVICE_FAMILY = "1,2";
				TEST_HOST = "$(BUILT_PRODUCTS_DIR)/Video_Player.app/Video_Player";
			};
			name = Release;
		};
		531F08FE246BF9AA001B9A03 /* Debug */ = {
			isa = XCBuildConfiguration;
			buildSettings = {
				ALWAYS_EMBED_SWIFT_STANDARD_LIBRARIES = YES;
				CODE_SIGN_STYLE = Automatic;
				INFOPLIST_FILE = Video_PlayerUITests/Info.plist;
				LD_RUNPATH_SEARCH_PATHS = (
					"$(inherited)",
					"@executable_path/Frameworks",
					"@loader_path/Frameworks",
				);
				PRODUCT_BUNDLE_IDENTIFIER = "NTUST.Video-PlayerUITests";
				PRODUCT_NAME = "$(TARGET_NAME)";
				SWIFT_VERSION = 5.0;
				TARGETED_DEVICE_FAMILY = "1,2";
				TEST_TARGET_NAME = Video_Player;
			};
			name = Debug;
		};
		531F08FF246BF9AA001B9A03 /* Release */ = {
			isa = XCBuildConfiguration;
			buildSettings = {
				ALWAYS_EMBED_SWIFT_STANDARD_LIBRARIES = YES;
				CODE_SIGN_STYLE = Automatic;
				INFOPLIST_FILE = Video_PlayerUITests/Info.plist;
				LD_RUNPATH_SEARCH_PATHS = (
					"$(inherited)",
					"@executable_path/Frameworks",
					"@loader_path/Frameworks",
				);
				PRODUCT_BUNDLE_IDENTIFIER = "NTUST.Video-PlayerUITests";
				PRODUCT_NAME = "$(TARGET_NAME)";
				SWIFT_VERSION = 5.0;
				TARGETED_DEVICE_FAMILY = "1,2";
				TEST_TARGET_NAME = Video_Player;
			};
			name = Release;
		};
/* End XCBuildConfiguration section */

/* Begin XCConfigurationList section */
		531F08CA246BF9A8001B9A03 /* Build configuration list for PBXProject "Video_Player" */ = {
			isa = XCConfigurationList;
			buildConfigurations = (
				531F08F5246BF9AA001B9A03 /* Debug */,
				531F08F6246BF9AA001B9A03 /* Release */,
			);
			defaultConfigurationIsVisible = 0;
			defaultConfigurationName = Release;
		};
		531F08F7246BF9AA001B9A03 /* Build configuration list for PBXNativeTarget "Video_Player" */ = {
			isa = XCConfigurationList;
			buildConfigurations = (
				531F08F8246BF9AA001B9A03 /* Debug */,
				531F08F9246BF9AA001B9A03 /* Release */,
			);
			defaultConfigurationIsVisible = 0;
			defaultConfigurationName = Release;
		};
		531F08FA246BF9AA001B9A03 /* Build configuration list for PBXNativeTarget "Video_PlayerTests" */ = {
			isa = XCConfigurationList;
			buildConfigurations = (
				531F08FB246BF9AA001B9A03 /* Debug */,
				531F08FC246BF9AA001B9A03 /* Release */,
			);
			defaultConfigurationIsVisible = 0;
			defaultConfigurationName = Release;
		};
		531F08FD246BF9AA001B9A03 /* Build configuration list for PBXNativeTarget "Video_PlayerUITests" */ = {
			isa = XCConfigurationList;
			buildConfigurations = (
				531F08FE246BF9AA001B9A03 /* Debug */,
				531F08FF246BF9AA001B9A03 /* Release */,
			);
			defaultConfigurationIsVisible = 0;
			defaultConfigurationName = Release;
		};
/* End XCConfigurationList section */
	};
	rootObject = 531F08C7246BF9A8001B9A03 /* Project object */;
}
